
Microsoft Visual Studio Solution File, Format Version 12.00
# Visual Studio Version 16
VisualStudioVersion = 16.0.30804.86
MinimumVisualStudioVersion = 10.0.40219.1
Project("{FAE04EC0-301F-11D3-BF4B-00C04F79EFBC}") = "WebApplication1", "WebApplication1\WebApplication1.csproj", "{4E18AD69-B791-489A-86B5-CF5C99CED048}"
EndProject
Global
	GlobalSection(SolutionConfigurationPlatforms) = preSolution
		Debug|Any CPU = Debug|Any CPU
		Release|Any CPU = Release|Any CPU
	EndGlobalSection
	GlobalSection(ProjectConfigurationPlatforms) = postSolution
		{4E18AD69-B791-489A-86B5-CF5C99CED048}.Debug|Any CPU.ActiveCfg = Debug|Any CPU
		{4E18AD69-B791-489A-86B5-CF5C99CED048}.Debug|Any CPU.Build.0 = Debug|Any CPU
		{4E18AD69-B791-489A-86B5-CF5C99CED048}.Release|Any CPU.ActiveCfg = Release|Any CPU
		{4E18AD69-B791-489A-86B5-CF5C99CED048}.Release|Any CPU.Build.0 = Release|Any CPU
	EndGlobalSection
	GlobalSection(SolutionProperties) = preSolution
		HideSolutionNode = FALSE
	EndGlobalSection
	GlobalSection(ExtensibilityGlobals) = postSolution
		SolutionGuid = {B2457726-1560-40BC-9A97-A28099C8523E}
	EndGlobalSection
EndGlobal
